<Solution>
  <Project Path="AutoPartsHub.Domain/AutoPartsHub.Domain.csproj" />
  <Project Path="AutoPartsHub.Application/AutoPartsHub.Application.csproj" />
  <Project Path="AutoPartsHub.Infrastructure/AutoPartsHub.Infrastructure.csproj" />
  <Project Path="AutoPartsHub.Api/AutoPartsHub.Api.csproj" />
  <Project Path="AutoPartsHub.Tests/AutoPartsHub.Tests.csproj" />
</Solution>
